
Microsoft Visual Studio Solution File, Format Version 12.00
# Visual Studio Version 17
VisualStudioVersion = 17.1.32210.238
MinimumVisualStudioVersion = 10.0.40219.1
Project("{FAE04EC0-301F-11D3-BF4B-00C04F79EFBC}") = "general", "general\general.csproj", "{04FB1E0D-633D-487E-A575-FAFE73DCDFB5}"
EndProject
Global
	GlobalSection(SolutionConfigurationPlatforms) = preSolution
		Debug|Any CPU = Debug|Any CPU
		Release|Any CPU = Release|Any CPU
	EndGlobalSection
	GlobalSection(ProjectConfigurationPlatforms) = postSolution
		{04FB1E0D-633D-487E-A575-FAFE73DCDFB5}.Debug|Any CPU.ActiveCfg = Debug|Any CPU
		{04FB1E0D-633D-487E-A575-FAFE73DCDFB5}.Debug|Any CPU.Build.0 = Debug|Any CPU
		{04FB1E0D-633D-487E-A575-FAFE73DCDFB5}.Release|Any CPU.ActiveCfg = Release|Any CPU
		{04FB1E0D-633D-487E-A575-FAFE73DCDFB5}.Release|Any CPU.Build.0 = Release|Any CPU
	EndGlobalSection
	GlobalSection(SolutionProperties) = preSolution
		HideSolutionNode = FALSE
	EndGlobalSection
	GlobalSection(ExtensibilityGlobals) = postSolution
		SolutionGuid = {74102482-05EE-4D7C-9206-71163C3C211A}
	EndGlobalSection
EndGlobal
